// !$*UTF8*$!
{
	archiveVersion = 1;
	classes = {
	};
	objectVersion = 50;
	objects = {

/* Begin PBXBuildFile section */
		F4010632230B0AEF00DA636A /* HowToUseViewController.swift in Sources */ = {isa = PBXBuildFile; fileRef = F4010630230B0AEF00DA636A /* HowToUseViewController.swift */; };
		F4010633230B0AEF00DA636A /* SplashScreenViewController.swift in Sources */ = {isa = PBXBuildFile; fileRef = F4010631230B0AEF00DA636A /* SplashScreenViewController.swift */; };
		F417041D231EDAFF00DFFC45 /* FormulaEditorViewController.swift in Sources */ = {isa = PBXBuildFile; fileRef = F417041C231EDAFF00DFFC45 /* FormulaEditorViewController.swift */; };
		F4170427231F089800DFFC45 /* FormulaNameTableViewCell.swift in Sources */ = {isa = PBXBuildFile; fileRef = F4170426231F089800DFFC45 /* FormulaNameTableViewCell.swift */; };
		F4170429231F0FDB00DFFC45 /* FormulaYieldTableViewCell.swift in Sources */ = {isa = PBXBuildFile; fileRef = F4170428231F0FDB00DFFC45 /* FormulaYieldTableViewCell.swift */; };
		F417042B231F189F00DFFC45 /* FormulaIngredientTableViewCell.swift in Sources */ = {isa = PBXBuildFile; fileRef = F417042A231F189F00DFFC45 /* FormulaIngredientTableViewCell.swift */; };
		F41FE7CB2369FE56000025EE /* ProvisioningSummaryViewController.swift in Sources */ = {isa = PBXBuildFile; fileRef = F41FE7CA2369FE56000025EE /* ProvisioningSummaryViewController.swift */; };
		F426010223676B5700B0708E /* ProvisioningSelectItemsViewController.swift in Sources */ = {isa = PBXBuildFile; fileRef = F426010123676B5700B0708E /* ProvisioningSelectItemsViewController.swift */; };
		F42601042367AAE000B0708E /* ProvisioningQuantityViewController.swift in Sources */ = {isa = PBXBuildFile; fileRef = F42601032367AAE000B0708E /* ProvisioningQuantityViewController.swift */; };
		F42601082367B01B00B0708E /* ProvisioningQuanityTableViewCell.swift in Sources */ = {isa = PBXBuildFile; fileRef = F42601072367B01B00B0708E /* ProvisioningQuanityTableViewCell.swift */; };
		F43678E0234E52CD00ABF982 /* PreFerment+CoreDataProperties.swift in Sources */ = {isa = PBXBuildFile; fileRef = F43678DE234E52CD00ABF982 /* PreFerment+CoreDataProperties.swift */; };
		F43678E4234E582500ABF982 /* Poolish+CoreDataProperties.swift in Sources */ = {isa = PBXBuildFile; fileRef = F43678E2234E582500ABF982 /* Poolish+CoreDataProperties.swift */; };
		F4553C5F2370FE7B00B8B0BD /* FormulaImageTableViewCell.swift in Sources */ = {isa = PBXBuildFile; fileRef = F4553C5E2370FE7B00B8B0BD /* FormulaImageTableViewCell.swift */; };
		F458573122ECDCAE00506C8E /* RecipeImageTableViewCell.swift in Sources */ = {isa = PBXBuildFile; fileRef = F458573022ECDCAE00506C8E /* RecipeImageTableViewCell.swift */; };
		F458573322ECE2BB00506C8E /* ImageViewController.swift in Sources */ = {isa = PBXBuildFile; fileRef = F458573222ECE2BB00506C8E /* ImageViewController.swift */; };
		F45D728222F4E35500B8BC58 /* RecipeYieldTableViewCell.swift in Sources */ = {isa = PBXBuildFile; fileRef = F45D728122F4E35500B8BC58 /* RecipeYieldTableViewCell.swift */; };
		F45D728822F4E81500B8BC58 /* RecipeYieldOptionsTableViewCell.swift in Sources */ = {isa = PBXBuildFile; fileRef = F45D728722F4E81500B8BC58 /* RecipeYieldOptionsTableViewCell.swift */; };
		F46418152368A0630048B071 /* ProvisionElement.swift in Sources */ = {isa = PBXBuildFile; fileRef = F464180F2368A0630048B071 /* ProvisionElement.swift */; };
		F46418182368A0630048B071 /* Recipe+CoreDataProperties.swift in Sources */ = {isa = PBXBuildFile; fileRef = F46418122368A0630048B071 /* Recipe+CoreDataProperties.swift */; };
		F46418192368A0630048B071 /* Provision.swift in Sources */ = {isa = PBXBuildFile; fileRef = F46418132368A0630048B071 /* Provision.swift */; };
		F464181A2368A0630048B071 /* Provision+CoreDataProperties.swift in Sources */ = {isa = PBXBuildFile; fileRef = F46418142368A0630048B071 /* Provision+CoreDataProperties.swift */; };
		F464181E2368ABC40048B071 /* ProvisionElement+CoreDataProperties.swift in Sources */ = {isa = PBXBuildFile; fileRef = F464181C2368ABC40048B071 /* ProvisionElement+CoreDataProperties.swift */; };
		F46418202368AE180048B071 /* ProvisioningViewController.swift in Sources */ = {isa = PBXBuildFile; fileRef = F464181F2368AE180048B071 /* ProvisioningViewController.swift */; };
		F46418242368B6990048B071 /* ProvisioningTableViewCell.swift in Sources */ = {isa = PBXBuildFile; fileRef = F46418232368B6990048B071 /* ProvisioningTableViewCell.swift */; };
		F46C9CA023203818009D27C7 /* BreadIngredient.swift in Sources */ = {isa = PBXBuildFile; fileRef = F46C9C9C23203818009D27C7 /* BreadIngredient.swift */; };
		F46E3E0B23328A8D00D197FA /* SectionHeaderView.swift in Sources */ = {isa = PBXBuildFile; fileRef = F46E3E0A23328A8D00D197FA /* SectionHeaderView.swift */; };
		F479C29B23075FF700998B4B /* SettingsTableViewController.swift in Sources */ = {isa = PBXBuildFile; fileRef = F479C29A23075FF700998B4B /* SettingsTableViewController.swift */; };
		F481C51E234BA1260003D9E3 /* PreFerment.swift in Sources */ = {isa = PBXBuildFile; fileRef = F481C51A234BA1260003D9E3 /* PreFerment.swift */; };
		F481C521234BA1D80003D9E3 /* FormulaPreFermentTableViewCell.swift in Sources */ = {isa = PBXBuildFile; fileRef = F481C520234BA1D80003D9E3 /* FormulaPreFermentTableViewCell.swift */; };
		F481C534234BFAA70003D9E3 /* Poolish.swift in Sources */ = {isa = PBXBuildFile; fileRef = F481C530234BFAA70003D9E3 /* Poolish.swift */; };
		F482010723075769005C90E4 /* TabBarViewController.swift in Sources */ = {isa = PBXBuildFile; fileRef = F482010623075769005C90E4 /* TabBarViewController.swift */; };
		F4AD56C322F200DA00EFC842 /* ZLogKit.framework in Frameworks */ = {isa = PBXBuildFile; fileRef = F4C5C0B122EB577000B3CBA4 /* ZLogKit.framework */; };
		F4AD56C522F20B4000EFC842 /* RecipeNameTableViewCell.swift in Sources */ = {isa = PBXBuildFile; fileRef = F4AD56C422F20B4000EFC842 /* RecipeNameTableViewCell.swift */; };
		F4AD56C822F23EA600EFC842 /* RecipeIngredientsTableViewCell.swift in Sources */ = {isa = PBXBuildFile; fileRef = F4AD56C722F23EA600EFC842 /* RecipeIngredientsTableViewCell.swift */; };
		F4AD56CC22F24C0400EFC842 /* IngredientsEditorViewController.swift in Sources */ = {isa = PBXBuildFile; fileRef = F4AD56CB22F24C0400EFC842 /* IngredientsEditorViewController.swift */; };
		F4AD56CE22F25AE400EFC842 /* StepsEditorViewController.swift in Sources */ = {isa = PBXBuildFile; fileRef = F4AD56CD22F25AE400EFC842 /* StepsEditorViewController.swift */; };
		F4AD56D022F25C3100EFC842 /* RecipeStepsTableViewCell.swift in Sources */ = {isa = PBXBuildFile; fileRef = F4AD56CF22F25C3100EFC842 /* RecipeStepsTableViewCell.swift */; };
		F4C5C09D22EB536500B3CBA4 /* AppDelegate.swift in Sources */ = {isa = PBXBuildFile; fileRef = F4C5C09C22EB536500B3CBA4 /* AppDelegate.swift */; };
		F4C5C09F22EB536500B3CBA4 /* RecipeListViewController.swift in Sources */ = {isa = PBXBuildFile; fileRef = F4C5C09E22EB536500B3CBA4 /* RecipeListViewController.swift */; };
		F4C5C0A222EB536500B3CBA4 /* Main_iPhone.storyboard in Resources */ = {isa = PBXBuildFile; fileRef = F4C5C0A022EB536500B3CBA4 /* Main_iPhone.storyboard */; };
		F4C5C0A722EB536600B3CBA4 /* Assets.xcassets in Resources */ = {isa = PBXBuildFile; fileRef = F4C5C0A622EB536600B3CBA4 /* Assets.xcassets */; };
		F4C5C0AA22EB536600B3CBA4 /* LaunchScreen.storyboard in Resources */ = {isa = PBXBuildFile; fileRef = F4C5C0A822EB536600B3CBA4 /* LaunchScreen.storyboard */; };
		F4C5C0B322EB577000B3CBA4 /* ZLogKit.framework in Embed Frameworks */ = {isa = PBXBuildFile; fileRef = F4C5C0B122EB577000B3CBA4 /* ZLogKit.framework */; settings = {ATTRIBUTES = (CodeSignOnCopy, RemoveHeadersOnCopy, ); }; };
		F4C5C0BC22EB5B3F00B3CBA4 /* Logger.swift in Sources */ = {isa = PBXBuildFile; fileRef = F4C5C0BB22EB5B3F00B3CBA4 /* Logger.swift */; };
		F4C5C0C322EB7D7200B3CBA4 /* ChefbookCentral.swift in Sources */ = {isa = PBXBuildFile; fileRef = F4C5C0C222EB7D7200B3CBA4 /* ChefbookCentral.swift */; };
		F4C5C0CF22EB80E300B3CBA4 /* Recipe.swift in Sources */ = {isa = PBXBuildFile; fileRef = F4C5C0CD22EB80E300B3CBA4 /* Recipe.swift */; };
		F4C5C0DC22EB978100B3CBA4 /* Main_iPad.storyboard in Resources */ = {isa = PBXBuildFile; fileRef = F4C5C0DE22EB978100B3CBA4 /* Main_iPad.storyboard */; };
		F4C5C0E822EB992600B3CBA4 /* Localizable.strings in Resources */ = {isa = PBXBuildFile; fileRef = F4C5C0E622EB992600B3CBA4 /* Localizable.strings */; };
		F4C5C0EC22EBA5B100B3CBA4 /* appIcon 1024.png in Resources */ = {isa = PBXBuildFile; fileRef = F4C5C0EB22EBA5B100B3CBA4 /* appIcon 1024.png */; };
		F4C5C0EE22EBB7DB00B3CBA4 /* UIViewControllerExtensions.swift in Sources */ = {isa = PBXBuildFile; fileRef = F4C5C0ED22EBB7DB00B3CBA4 /* UIViewControllerExtensions.swift */; };
		F4C5C0EF22EBBF0700B3CBA4 /* ChefbookDataModel.xcdatamodeld in Sources */ = {isa = PBXBuildFile; fileRef = F4C5C0C622EB7DB800B3CBA4 /* ChefbookDataModel.xcdatamodeld */; };
		F4C5C0F122EBC5ED00B3CBA4 /* RecipeEditorViewController.swift in Sources */ = {isa = PBXBuildFile; fileRef = F4C5C0F022EBC5ED00B3CBA4 /* RecipeEditorViewController.swift */; };
		F4D15FA62354E56700D0668E /* PoolishTableViewCell.swift in Sources */ = {isa = PBXBuildFile; fileRef = F4D15FA52354E56700D0668E /* PoolishTableViewCell.swift */; };
		F4F1B7E8234D243900025EBC /* BreadIngredient+CoreDataProperties.swift in Sources */ = {isa = PBXBuildFile; fileRef = F4F1B7E6234D243900025EBC /* BreadIngredient+CoreDataProperties.swift */; };
		F4F1B7EC234D370F00025EBC /* PoolishEditorViewController.swift in Sources */ = {isa = PBXBuildFile; fileRef = F4F1B7EB234D370F00025EBC /* PoolishEditorViewController.swift */; };
/* End PBXBuildFile section */

/* Begin PBXCopyFilesBuildPhase section */
		F4C5C0B422EB577000B3CBA4 /* Embed Frameworks */ = {
			isa = PBXCopyFilesBuildPhase;
			buildActionMask = 2147483647;
			dstPath = "";
			dstSubfolderSpec = 10;
			files = (
				F4C5C0B322EB577000B3CBA4 /* ZLogKit.framework in Embed Frameworks */,
			);
			name = "Embed Frameworks";
			runOnlyForDeploymentPostprocessing = 0;
		};
/* End PBXCopyFilesBuildPhase section */

/* Begin PBXFileReference section */
		F4010630230B0AEF00DA636A /* HowToUseViewController.swift */ = {isa = PBXFileReference; fileEncoding = 4; lastKnownFileType = sourcecode.swift; path = HowToUseViewController.swift; sourceTree = "<group>"; };
		F4010631230B0AEF00DA636A /* SplashScreenViewController.swift */ = {isa = PBXFileReference; fileEncoding = 4; lastKnownFileType = sourcecode.swift; path = SplashScreenViewController.swift; sourceTree = "<group>"; };
		F417041C231EDAFF00DFFC45 /* FormulaEditorViewController.swift */ = {isa = PBXFileReference; lastKnownFileType = sourcecode.swift; path = FormulaEditorViewController.swift; sourceTree = "<group>"; };
		F4170426231F089800DFFC45 /* FormulaNameTableViewCell.swift */ = {isa = PBXFileReference; lastKnownFileType = sourcecode.swift; path = FormulaNameTableViewCell.swift; sourceTree = "<group>"; };
		F4170428231F0FDB00DFFC45 /* FormulaYieldTableViewCell.swift */ = {isa = PBXFileReference; lastKnownFileType = sourcecode.swift; path = FormulaYieldTableViewCell.swift; sourceTree = "<group>"; };
		F417042A231F189F00DFFC45 /* FormulaIngredientTableViewCell.swift */ = {isa = PBXFileReference; lastKnownFileType = sourcecode.swift; path = FormulaIngredientTableViewCell.swift; sourceTree = "<group>"; };
		F41FE7CA2369FE56000025EE /* ProvisioningSummaryViewController.swift */ = {isa = PBXFileReference; lastKnownFileType = sourcecode.swift; path = ProvisioningSummaryViewController.swift; sourceTree = "<group>"; };
		F426010123676B5700B0708E /* ProvisioningSelectItemsViewController.swift */ = {isa = PBXFileReference; lastKnownFileType = sourcecode.swift; path = ProvisioningSelectItemsViewController.swift; sourceTree = "<group>"; };
		F42601032367AAE000B0708E /* ProvisioningQuantityViewController.swift */ = {isa = PBXFileReference; lastKnownFileType = sourcecode.swift; path = ProvisioningQuantityViewController.swift; sourceTree = "<group>"; };
		F42601072367B01B00B0708E /* ProvisioningQuanityTableViewCell.swift */ = {isa = PBXFileReference; lastKnownFileType = sourcecode.swift; path = ProvisioningQuanityTableViewCell.swift; sourceTree = "<group>"; };
		F43678DE234E52CD00ABF982 /* PreFerment+CoreDataProperties.swift */ = {isa = PBXFileReference; lastKnownFileType = sourcecode.swift; path = "PreFerment+CoreDataProperties.swift"; sourceTree = "<group>"; };
		F43678E2234E582500ABF982 /* Poolish+CoreDataProperties.swift */ = {isa = PBXFileReference; lastKnownFileType = sourcecode.swift; path = "Poolish+CoreDataProperties.swift"; sourceTree = "<group>"; };
		F4553C5E2370FE7B00B8B0BD /* FormulaImageTableViewCell.swift */ = {isa = PBXFileReference; fileEncoding = 4; lastKnownFileType = sourcecode.swift; path = FormulaImageTableViewCell.swift; sourceTree = "<group>"; };
		F458573022ECDCAE00506C8E /* RecipeImageTableViewCell.swift */ = {isa = PBXFileReference; lastKnownFileType = sourcecode.swift; path = RecipeImageTableViewCell.swift; sourceTree = "<group>"; };
		F458573222ECE2BB00506C8E /* ImageViewController.swift */ = {isa = PBXFileReference; fileEncoding = 4; lastKnownFileType = sourcecode.swift; path = ImageViewController.swift; sourceTree = "<group>"; };
		F45D728122F4E35500B8BC58 /* RecipeYieldTableViewCell.swift */ = {isa = PBXFileReference; lastKnownFileType = sourcecode.swift; path = RecipeYieldTableViewCell.swift; sourceTree = "<group>"; };
		F45D728722F4E81500B8BC58 /* RecipeYieldOptionsTableViewCell.swift */ = {isa = PBXFileReference; lastKnownFileType = sourcecode.swift; path = RecipeYieldOptionsTableViewCell.swift; sourceTree = "<group>"; };
		F464180F2368A0630048B071 /* ProvisionElement.swift */ = {isa = PBXFileReference; lastKnownFileType = sourcecode.swift; path = ProvisionElement.swift; sourceTree = "<group>"; };
		F46418122368A0630048B071 /* Recipe+CoreDataProperties.swift */ = {isa = PBXFileReference; lastKnownFileType = sourcecode.swift; path = "Recipe+CoreDataProperties.swift"; sourceTree = "<group>"; };
		F46418132368A0630048B071 /* Provision.swift */ = {isa = PBXFileReference; lastKnownFileType = sourcecode.swift; path = Provision.swift; sourceTree = "<group>"; };
		F46418142368A0630048B071 /* Provision+CoreDataProperties.swift */ = {isa = PBXFileReference; lastKnownFileType = sourcecode.swift; path = "Provision+CoreDataProperties.swift"; sourceTree = "<group>"; };
		F464181C2368ABC40048B071 /* ProvisionElement+CoreDataProperties.swift */ = {isa = PBXFileReference; lastKnownFileType = sourcecode.swift; path = "ProvisionElement+CoreDataProperties.swift"; sourceTree = "<group>"; };
		F464181F2368AE180048B071 /* ProvisioningViewController.swift */ = {isa = PBXFileReference; lastKnownFileType = sourcecode.swift; path = ProvisioningViewController.swift; sourceTree = "<group>"; };
		F46418232368B6990048B071 /* ProvisioningTableViewCell.swift */ = {isa = PBXFileReference; lastKnownFileType = sourcecode.swift; path = ProvisioningTableViewCell.swift; sourceTree = "<group>"; };
		F46C9C9C23203818009D27C7 /* BreadIngredient.swift */ = {isa = PBXFileReference; lastKnownFileType = sourcecode.swift; path = BreadIngredient.swift; sourceTree = "<group>"; };
		F46E3E0A23328A8D00D197FA /* SectionHeaderView.swift */ = {isa = PBXFileReference; lastKnownFileType = sourcecode.swift; path = SectionHeaderView.swift; sourceTree = "<group>"; };
		F479C29A23075FF700998B4B /* SettingsTableViewController.swift */ = {isa = PBXFileReference; lastKnownFileType = sourcecode.swift; path = SettingsTableViewController.swift; sourceTree = "<group>"; };
		F481C51A234BA1260003D9E3 /* PreFerment.swift */ = {isa = PBXFileReference; lastKnownFileType = sourcecode.swift; path = PreFerment.swift; sourceTree = "<group>"; };
		F481C520234BA1D80003D9E3 /* FormulaPreFermentTableViewCell.swift */ = {isa = PBXFileReference; lastKnownFileType = sourcecode.swift; path = FormulaPreFermentTableViewCell.swift; sourceTree = "<group>"; };
		F481C530234BFAA70003D9E3 /* Poolish.swift */ = {isa = PBXFileReference; lastKnownFileType = sourcecode.swift; path = Poolish.swift; sourceTree = "<group>"; };
		F482010623075769005C90E4 /* TabBarViewController.swift */ = {isa = PBXFileReference; lastKnownFileType = sourcecode.swift; path = TabBarViewController.swift; sourceTree = "<group>"; };
		F4AD56C422F20B4000EFC842 /* RecipeNameTableViewCell.swift */ = {isa = PBXFileReference; lastKnownFileType = sourcecode.swift; path = RecipeNameTableViewCell.swift; sourceTree = "<group>"; };
		F4AD56C722F23EA600EFC842 /* RecipeIngredientsTableViewCell.swift */ = {isa = PBXFileReference; lastKnownFileType = sourcecode.swift; path = RecipeIngredientsTableViewCell.swift; sourceTree = "<group>"; };
		F4AD56CB22F24C0400EFC842 /* IngredientsEditorViewController.swift */ = {isa = PBXFileReference; lastKnownFileType = sourcecode.swift; path = IngredientsEditorViewController.swift; sourceTree = "<group>"; };
		F4AD56CD22F25AE400EFC842 /* StepsEditorViewController.swift */ = {isa = PBXFileReference; lastKnownFileType = sourcecode.swift; path = StepsEditorViewController.swift; sourceTree = "<group>"; };
		F4AD56CF22F25C3100EFC842 /* RecipeStepsTableViewCell.swift */ = {isa = PBXFileReference; lastKnownFileType = sourcecode.swift; path = RecipeStepsTableViewCell.swift; sourceTree = "<group>"; };
		F4C5C09922EB536500B3CBA4 /* Chefbook.app */ = {isa = PBXFileReference; explicitFileType = wrapper.application; includeInIndex = 0; path = Chefbook.app; sourceTree = BUILT_PRODUCTS_DIR; };
		F4C5C09C22EB536500B3CBA4 /* AppDelegate.swift */ = {isa = PBXFileReference; lastKnownFileType = sourcecode.swift; path = AppDelegate.swift; sourceTree = "<group>"; };
		F4C5C09E22EB536500B3CBA4 /* RecipeListViewController.swift */ = {isa = PBXFileReference; lastKnownFileType = sourcecode.swift; path = RecipeListViewController.swift; sourceTree = "<group>"; };
		F4C5C0A122EB536500B3CBA4 /* Base */ = {isa = PBXFileReference; lastKnownFileType = file.storyboard; name = Base; path = Base.lproj/Main_iPhone.storyboard; sourceTree = "<group>"; };
		F4C5C0A622EB536600B3CBA4 /* Assets.xcassets */ = {isa = PBXFileReference; lastKnownFileType = folder.assetcatalog; path = Assets.xcassets; sourceTree = "<group>"; };
		F4C5C0A922EB536600B3CBA4 /* Base */ = {isa = PBXFileReference; lastKnownFileType = file.storyboard; name = Base; path = Base.lproj/LaunchScreen.storyboard; sourceTree = "<group>"; };
		F4C5C0AB22EB536600B3CBA4 /* Info.plist */ = {isa = PBXFileReference; lastKnownFileType = text.plist.xml; path = Info.plist; sourceTree = "<group>"; };
		F4C5C0B122EB577000B3CBA4 /* ZLogKit.framework */ = {isa = PBXFileReference; lastKnownFileType = wrapper.framework; name = ZLogKit.framework; path = "../ZKits/ZKits-Debug/ZLogKit.framework"; sourceTree = "<group>"; };
		F4C5C0B622EB59C800B3CBA4 /* Chefbook-Bridging-Header.h */ = {isa = PBXFileReference; fileEncoding = 4; lastKnownFileType = sourcecode.c.h; path = "Chefbook-Bridging-Header.h"; sourceTree = "<group>"; };
		F4C5C0BB22EB5B3F00B3CBA4 /* Logger.swift */ = {isa = PBXFileReference; fileEncoding = 4; lastKnownFileType = sourcecode.swift; path = Logger.swift; sourceTree = "<group>"; };
		F4C5C0BD22EB5F4300B3CBA4 /* Chefbook-Prefix.pch */ = {isa = PBXFileReference; fileEncoding = 4; lastKnownFileType = sourcecode.c.h; path = "Chefbook-Prefix.pch"; sourceTree = "<group>"; };
		F4C5C0C222EB7D7200B3CBA4 /* ChefbookCentral.swift */ = {isa = PBXFileReference; fileEncoding = 4; lastKnownFileType = sourcecode.swift; path = ChefbookCentral.swift; sourceTree = "<group>"; };
		F4C5C0C722EB7DB800B3CBA4 /* Chefbook.xcdatamodel */ = {isa = PBXFileReference; lastKnownFileType = wrapper.xcdatamodel; path = Chefbook.xcdatamodel; sourceTree = "<group>"; };
		F4C5C0CD22EB80E300B3CBA4 /* Recipe.swift */ = {isa = PBXFileReference; fileEncoding = 4; lastKnownFileType = sourcecode.swift; path = Recipe.swift; sourceTree = "<group>"; };
		F4C5C0DB22EB975800B3CBA4 /* en */ = {isa = PBXFileReference; lastKnownFileType = text.plist.strings; name = en; path = en.lproj/Main_iPhone.strings; sourceTree = "<group>"; };
		F4C5C0DD22EB978100B3CBA4 /* en */ = {isa = PBXFileReference; lastKnownFileType = file.storyboard; name = en; path = en.lproj/Main_iPad.storyboard; sourceTree = "<group>"; };
		F4C5C0DF22EB978900B3CBA4 /* Base */ = {isa = PBXFileReference; lastKnownFileType = file.storyboard; name = Base; path = Base.lproj/Main_iPad.storyboard; sourceTree = "<group>"; };
		F4C5C0E022EB97BA00B3CBA4 /* es */ = {isa = PBXFileReference; lastKnownFileType = text.plist.strings; name = es; path = es.lproj/LaunchScreen.strings; sourceTree = "<group>"; };
		F4C5C0E122EB97BA00B3CBA4 /* es */ = {isa = PBXFileReference; lastKnownFileType = text.plist.strings; name = es; path = es.lproj/Main_iPhone.strings; sourceTree = "<group>"; };
		F4C5C0E222EB97BA00B3CBA4 /* es */ = {isa = PBXFileReference; lastKnownFileType = text.plist.strings; name = es; path = es.lproj/Main_iPad.strings; sourceTree = "<group>"; };
		F4C5C0E322EB97CE00B3CBA4 /* fr */ = {isa = PBXFileReference; lastKnownFileType = text.plist.strings; name = fr; path = fr.lproj/LaunchScreen.strings; sourceTree = "<group>"; };
		F4C5C0E422EB97CE00B3CBA4 /* fr */ = {isa = PBXFileReference; lastKnownFileType = text.plist.strings; name = fr; path = fr.lproj/Main_iPhone.strings; sourceTree = "<group>"; };
		F4C5C0E522EB97CE00B3CBA4 /* fr */ = {isa = PBXFileReference; lastKnownFileType = text.plist.strings; name = fr; path = fr.lproj/Main_iPad.strings; sourceTree = "<group>"; };
		F4C5C0E722EB992600B3CBA4 /* en */ = {isa = PBXFileReference; lastKnownFileType = text.plist.strings; name = en; path = en.lproj/Localizable.strings; sourceTree = "<group>"; };
		F4C5C0E922EB994A00B3CBA4 /* es */ = {isa = PBXFileReference; lastKnownFileType = text.plist.strings; name = es; path = es.lproj/Localizable.strings; sourceTree = "<group>"; };
		F4C5C0EA22EB997600B3CBA4 /* fr */ = {isa = PBXFileReference; lastKnownFileType = text.plist.strings; name = fr; path = fr.lproj/Localizable.strings; sourceTree = "<group>"; };
		F4C5C0EB22EBA5B100B3CBA4 /* appIcon 1024.png */ = {isa = PBXFileReference; lastKnownFileType = image.png; name = "appIcon 1024.png"; path = "AppIcon/appIcon 1024.png"; sourceTree = "<group>"; };
		F4C5C0ED22EBB7DB00B3CBA4 /* UIViewControllerExtensions.swift */ = {isa = PBXFileReference; fileEncoding = 4; lastKnownFileType = sourcecode.swift; path = UIViewControllerExtensions.swift; sourceTree = "<group>"; };
		F4C5C0F022EBC5ED00B3CBA4 /* RecipeEditorViewController.swift */ = {isa = PBXFileReference; lastKnownFileType = sourcecode.swift; path = RecipeEditorViewController.swift; sourceTree = "<group>"; };
		F4D15FA52354E56700D0668E /* PoolishTableViewCell.swift */ = {isa = PBXFileReference; lastKnownFileType = sourcecode.swift; path = PoolishTableViewCell.swift; sourceTree = "<group>"; };
		F4F1B7E6234D243900025EBC /* BreadIngredient+CoreDataProperties.swift */ = {isa = PBXFileReference; lastKnownFileType = sourcecode.swift; path = "BreadIngredient+CoreDataProperties.swift"; sourceTree = "<group>"; };
		F4F1B7EB234D370F00025EBC /* PoolishEditorViewController.swift */ = {isa = PBXFileReference; lastKnownFileType = sourcecode.swift; path = PoolishEditorViewController.swift; sourceTree = "<group>"; };
/* End PBXFileReference section */

/* Begin PBXFrameworksBuildPhase section */
		F4C5C09622EB536500B3CBA4 /* Frameworks */ = {
			isa = PBXFrameworksBuildPhase;
			buildActionMask = 2147483647;
			files = (
				F4AD56C322F200DA00EFC842 /* ZLogKit.framework in Frameworks */,
			);
			runOnlyForDeploymentPostprocessing = 0;
		};
/* End PBXFrameworksBuildPhase section */

/* Begin PBXGroup section */
		F4170422231F082300DFFC45 /* Bread Formula Editor */ = {
			isa = PBXGroup;
			children = (
				F417041C231EDAFF00DFFC45 /* FormulaEditorViewController.swift */,
				F4170423231F083600DFFC45 /* Formula Editor Cells */,
				F49C27A223319A5E008E8C8D /* HeaderViews */,
				F4D15FA32354E48F00D0668E /* Poolish Editor */,
			);
			path = "Bread Formula Editor";
			sourceTree = "<group>";
		};
		F4170423231F083600DFFC45 /* Formula Editor Cells */ = {
			isa = PBXGroup;
			children = (
				F4553C5E2370FE7B00B8B0BD /* FormulaImageTableViewCell.swift */,
				F417042A231F189F00DFFC45 /* FormulaIngredientTableViewCell.swift */,
				F4170426231F089800DFFC45 /* FormulaNameTableViewCell.swift */,
				F481C520234BA1D80003D9E3 /* FormulaPreFermentTableViewCell.swift */,
				F4170428231F0FDB00DFFC45 /* FormulaYieldTableViewCell.swift */,
			);
			path = "Formula Editor Cells";
			sourceTree = "<group>";
		};
		F41FE7C92369FE09000025EE /* Provisioning Summary */ = {
			isa = PBXGroup;
			children = (
				F41FE7CA2369FE56000025EE /* ProvisioningSummaryViewController.swift */,
			);
			path = "Provisioning Summary";
			sourceTree = "<group>";
		};
		F42600FE2367632300B0708E /* Recipe Tab */ = {
			isa = PBXGroup;
			children = (
				F4C5C09E22EB536500B3CBA4 /* RecipeListViewController.swift */,
				F4AD56C622F21B8900EFC842 /* Standard Recipe Editor */,
				F4170422231F082300DFFC45 /* Bread Formula Editor */,
			);
			path = "Recipe Tab";
			sourceTree = "<group>";
		};
		F42600FF2367641000B0708E /* Settings Tab */ = {
			isa = PBXGroup;
			children = (
				F479C29A23075FF700998B4B /* SettingsTableViewController.swift */,
				F4010630230B0AEF00DA636A /* HowToUseViewController.swift */,
			);
			path = "Settings Tab";
			sourceTree = "<group>";
		};
		F42601002367648C00B0708E /* Provisioning Tab */ = {
			isa = PBXGroup;
			children = (
				F464181F2368AE180048B071 /* ProvisioningViewController.swift */,
				F46418212368B6320048B071 /* Provisioning Cells */,
				F46418222368B64F0048B071 /* Provisioning Select Items */,
			);
			path = "Provisioning Tab";
			sourceTree = "<group>";
		};
		F42601052367AF8C00B0708E /* Provisioning Quantity */ = {
			isa = PBXGroup;
			children = (
				F42601032367AAE000B0708E /* ProvisioningQuantityViewController.swift */,
				F42601062367AFB800B0708E /* Provisioning Quantity Cells */,
				F41FE7C92369FE09000025EE /* Provisioning Summary */,
			);
			path = "Provisioning Quantity";
			sourceTree = "<group>";
		};
		F42601062367AFB800B0708E /* Provisioning Quantity Cells */ = {
			isa = PBXGroup;
			children = (
				F42601072367B01B00B0708E /* ProvisioningQuanityTableViewCell.swift */,
			);
			path = "Provisioning Quantity Cells";
			sourceTree = "<group>";
		};
		F46418212368B6320048B071 /* Provisioning Cells */ = {
			isa = PBXGroup;
			children = (
				F46418232368B6990048B071 /* ProvisioningTableViewCell.swift */,
			);
			path = "Provisioning Cells";
			sourceTree = "<group>";
		};
		F46418222368B64F0048B071 /* Provisioning Select Items */ = {
			isa = PBXGroup;
			children = (
				F426010123676B5700B0708E /* ProvisioningSelectItemsViewController.swift */,
				F42601052367AF8C00B0708E /* Provisioning Quantity */,
			);
			path = "Provisioning Select Items";
			sourceTree = "<group>";
		};
		F49C27A223319A5E008E8C8D /* HeaderViews */ = {
			isa = PBXGroup;
			children = (
				F46E3E0A23328A8D00D197FA /* SectionHeaderView.swift */,
			);
			path = HeaderViews;
			sourceTree = "<group>";
		};
		F4AD56C222F200DA00EFC842 /* Frameworks */ = {
			isa = PBXGroup;
			children = (
			);
			name = Frameworks;
			sourceTree = "<group>";
		};
		F4AD56C622F21B8900EFC842 /* Standard Recipe Editor */ = {
			isa = PBXGroup;
			children = (
				F4C5C0F022EBC5ED00B3CBA4 /* RecipeEditorViewController.swift */,
				F4AD56C922F23EB700EFC842 /* Cells */,
				F4AD56CA22F24B4700EFC842 /* ChildViewControllers */,
			);
			path = "Standard Recipe Editor";
			sourceTree = "<group>";
		};
		F4AD56C922F23EB700EFC842 /* Cells */ = {
			isa = PBXGroup;
			children = (
				F458573022ECDCAE00506C8E /* RecipeImageTableViewCell.swift */,
				F4AD56C722F23EA600EFC842 /* RecipeIngredientsTableViewCell.swift */,
				F4AD56C422F20B4000EFC842 /* RecipeNameTableViewCell.swift */,
				F4AD56CF22F25C3100EFC842 /* RecipeStepsTableViewCell.swift */,
				F45D728122F4E35500B8BC58 /* RecipeYieldTableViewCell.swift */,
				F45D728722F4E81500B8BC58 /* RecipeYieldOptionsTableViewCell.swift */,
			);
			path = Cells;
			sourceTree = "<group>";
		};
		F4AD56CA22F24B4700EFC842 /* ChildViewControllers */ = {
			isa = PBXGroup;
			children = (
				F458573222ECE2BB00506C8E /* ImageViewController.swift */,
				F4AD56CB22F24C0400EFC842 /* IngredientsEditorViewController.swift */,
				F4AD56CD22F25AE400EFC842 /* StepsEditorViewController.swift */,
			);
			path = ChildViewControllers;
			sourceTree = "<group>";
		};
		F4C5C09022EB536500B3CBA4 = {
			isa = PBXGroup;
			children = (
				F4C5C09B22EB536500B3CBA4 /* Chefbook */,
				F4C5C09A22EB536500B3CBA4 /* Products */,
				F4C5C0B122EB577000B3CBA4 /* ZLogKit.framework */,
				F4AD56C222F200DA00EFC842 /* Frameworks */,
			);
			sourceTree = "<group>";
		};
		F4C5C09A22EB536500B3CBA4 /* Products */ = {
			isa = PBXGroup;
			children = (
				F4C5C09922EB536500B3CBA4 /* Chefbook.app */,
			);
			name = Products;
			sourceTree = "<group>";
		};
		F4C5C09B22EB536500B3CBA4 /* Chefbook */ = {
			isa = PBXGroup;
			children = (
				F4C5C0B622EB59C800B3CBA4 /* Chefbook-Bridging-Header.h */,
				F4C5C0BD22EB5F4300B3CBA4 /* Chefbook-Prefix.pch */,
				F4C5C0AB22EB536600B3CBA4 /* Info.plist */,
				F4C5C0B722EB59FC00B3CBA4 /* Application */,
				F4C5C0BA22EB5ADE00B3CBA4 /* ChefbookCentral */,
				F4C5C0B822EB5A4100B3CBA4 /* Resources */,
				F4C5C0B922EB5ABE00B3CBA4 /* User Interface */,
			);
			path = Chefbook;
			sourceTree = "<group>";
		};
		F4C5C0B722EB59FC00B3CBA4 /* Application */ = {
			isa = PBXGroup;
			children = (
				F4C5C09C22EB536500B3CBA4 /* AppDelegate.swift */,
			);
			path = Application;
			sourceTree = "<group>";
		};
		F4C5C0B822EB5A4100B3CBA4 /* Resources */ = {
			isa = PBXGroup;
			children = (
				F4C5C0EB22EBA5B100B3CBA4 /* appIcon 1024.png */,
				F4C5C0A622EB536600B3CBA4 /* Assets.xcassets */,
				F4C5C0A822EB536600B3CBA4 /* LaunchScreen.storyboard */,
				F4C5C0E622EB992600B3CBA4 /* Localizable.strings */,
				F4C5C0DE22EB978100B3CBA4 /* Main_iPad.storyboard */,
				F4C5C0A022EB536500B3CBA4 /* Main_iPhone.storyboard */,
			);
			path = Resources;
			sourceTree = "<group>";
		};
		F4C5C0B922EB5ABE00B3CBA4 /* User Interface */ = {
			isa = PBXGroup;
			children = (
				F42600FE2367632300B0708E /* Recipe Tab */,
				F42601002367648C00B0708E /* Provisioning Tab */,
				F42600FF2367641000B0708E /* Settings Tab */,
				F4010631230B0AEF00DA636A /* SplashScreenViewController.swift */,
				F482010623075769005C90E4 /* TabBarViewController.swift */,
				F4C5C0ED22EBB7DB00B3CBA4 /* UIViewControllerExtensions.swift */,
			);
			path = "User Interface";
			sourceTree = "<group>";
		};
		F4C5C0BA22EB5ADE00B3CBA4 /* ChefbookCentral */ = {
			isa = PBXGroup;
			children = (
				F4C5C0C222EB7D7200B3CBA4 /* ChefbookCentral.swift */,
				F4C5C0C622EB7DB800B3CBA4 /* ChefbookDataModel.xcdatamodeld */,
				F4C5C0CB22EB80B200B3CBA4 /* CoreData Entities */,
				F4C5C0BB22EB5B3F00B3CBA4 /* Logger.swift */,
			);
			path = ChefbookCentral;
			sourceTree = "<group>";
		};
		F4C5C0CB22EB80B200B3CBA4 /* CoreData Entities */ = {
			isa = PBXGroup;
			children = (
				F46C9C9C23203818009D27C7 /* BreadIngredient.swift */,
				F4F1B7E6234D243900025EBC /* BreadIngredient+CoreDataProperties.swift */,
				F481C530234BFAA70003D9E3 /* Poolish.swift */,
				F43678E2234E582500ABF982 /* Poolish+CoreDataProperties.swift */,
				F481C51A234BA1260003D9E3 /* PreFerment.swift */,
				F43678DE234E52CD00ABF982 /* PreFerment+CoreDataProperties.swift */,
				F46418132368A0630048B071 /* Provision.swift */,
				F46418142368A0630048B071 /* Provision+CoreDataProperties.swift */,
				F464180F2368A0630048B071 /* ProvisionElement.swift */,
				F464181C2368ABC40048B071 /* ProvisionElement+CoreDataProperties.swift */,
				F4C5C0CD22EB80E300B3CBA4 /* Recipe.swift */,
				F46418122368A0630048B071 /* Recipe+CoreDataProperties.swift */,
			);
			path = "CoreData Entities";
			sourceTree = "<group>";
		};
		F4D15FA32354E48F00D0668E /* Poolish Editor */ = {
			isa = PBXGroup;
			children = (
				F4F1B7EB234D370F00025EBC /* PoolishEditorViewController.swift */,
				F4D15FA42354E51F00D0668E /* Poolish Editor Cells */,
			);
			path = "Poolish Editor";
			sourceTree = "<group>";
		};
		F4D15FA42354E51F00D0668E /* Poolish Editor Cells */ = {
			isa = PBXGroup;
			children = (
				F4D15FA52354E56700D0668E /* PoolishTableViewCell.swift */,
			);
			path = "Poolish Editor Cells";
			sourceTree = "<group>";
		};
/* End PBXGroup section */

/* Begin PBXNativeTarget section */
		F4C5C09822EB536500B3CBA4 /* Chefbook */ = {
			isa = PBXNativeTarget;
			buildConfigurationList = F4C5C0AE22EB536600B3CBA4 /* Build configuration list for PBXNativeTarget "Chefbook" */;
			buildPhases = (
				F4C5C09522EB536500B3CBA4 /* Sources */,
				F4C5C09622EB536500B3CBA4 /* Frameworks */,
				F4C5C09722EB536500B3CBA4 /* Resources */,
				F4C5C0B422EB577000B3CBA4 /* Embed Frameworks */,
			);
			buildRules = (
			);
			dependencies = (
			);
			name = Chefbook;
			productName = Chefbook;
			productReference = F4C5C09922EB536500B3CBA4 /* Chefbook.app */;
			productType = "com.apple.product-type.application";
		};
/* End PBXNativeTarget section */

/* Begin PBXProject section */
		F4C5C09122EB536500B3CBA4 /* Project object */ = {
			isa = PBXProject;
			attributes = {
				LastSwiftUpdateCheck = 1010;
				LastUpgradeCheck = 1010;
				ORGANIZATIONNAME = "Omni-Soft, Inc.";
				TargetAttributes = {
					F4C5C09822EB536500B3CBA4 = {
						CreatedOnToolsVersion = 10.1;
					};
				};
			};
			buildConfigurationList = F4C5C09422EB536500B3CBA4 /* Build configuration list for PBXProject "Chefbook" */;
			compatibilityVersion = "Xcode 9.3";
			developmentRegion = en;
			hasScannedForEncodings = 0;
			knownRegions = (
				en,
				Base,
				es,
				fr,
			);
			mainGroup = F4C5C09022EB536500B3CBA4;
			productRefGroup = F4C5C09A22EB536500B3CBA4 /* Products */;
			projectDirPath = "";
			projectRoot = "";
			targets = (
				F4C5C09822EB536500B3CBA4 /* Chefbook */,
			);
		};
/* End PBXProject section */

/* Begin PBXResourcesBuildPhase section */
		F4C5C09722EB536500B3CBA4 /* Resources */ = {
			isa = PBXResourcesBuildPhase;
			buildActionMask = 2147483647;
			files = (
				F4C5C0E822EB992600B3CBA4 /* Localizable.strings in Resources */,
				F4C5C0AA22EB536600B3CBA4 /* LaunchScreen.storyboard in Resources */,
				F4C5C0EC22EBA5B100B3CBA4 /* appIcon 1024.png in Resources */,
				F4C5C0DC22EB978100B3CBA4 /* Main_iPad.storyboard in Resources */,
				F4C5C0A722EB536600B3CBA4 /* Assets.xcassets in Resources */,
				F4C5C0A222EB536500B3CBA4 /* Main_iPhone.storyboard in Resources */,
			);
			runOnlyForDeploymentPostprocessing = 0;
		};
/* End PBXResourcesBuildPhase section */

/* Begin PBXSourcesBuildPhase section */
		F4C5C09522EB536500B3CBA4 /* Sources */ = {
			isa = PBXSourcesBuildPhase;
			buildActionMask = 2147483647;
			files = (
				F46418192368A0630048B071 /* Provision.swift in Sources */,
				F42601082367B01B00B0708E /* ProvisioningQuanityTableViewCell.swift in Sources */,
				F43678E0234E52CD00ABF982 /* PreFerment+CoreDataProperties.swift in Sources */,
				F4553C5F2370FE7B00B8B0BD /* FormulaImageTableViewCell.swift in Sources */,
				F458573122ECDCAE00506C8E /* RecipeImageTableViewCell.swift in Sources */,
				F4C5C09F22EB536500B3CBA4 /* RecipeListViewController.swift in Sources */,
				F45D728822F4E81500B8BC58 /* RecipeYieldOptionsTableViewCell.swift in Sources */,
				F4170427231F089800DFFC45 /* FormulaNameTableViewCell.swift in Sources */,
				F426010223676B5700B0708E /* ProvisioningSelectItemsViewController.swift in Sources */,
				F481C51E234BA1260003D9E3 /* PreFerment.swift in Sources */,
				F46418242368B6990048B071 /* ProvisioningTableViewCell.swift in Sources */,
				F46418152368A0630048B071 /* ProvisionElement.swift in Sources */,
				F4F1B7E8234D243900025EBC /* BreadIngredient+CoreDataProperties.swift in Sources */,
				F42601042367AAE000B0708E /* ProvisioningQuantityViewController.swift in Sources */,
				F4010632230B0AEF00DA636A /* HowToUseViewController.swift in Sources */,
				F417041D231EDAFF00DFFC45 /* FormulaEditorViewController.swift in Sources */,
				F4F1B7EC234D370F00025EBC /* PoolishEditorViewController.swift in Sources */,
				F4AD56D022F25C3100EFC842 /* RecipeStepsTableViewCell.swift in Sources */,
				F46E3E0B23328A8D00D197FA /* SectionHeaderView.swift in Sources */,
				F464181A2368A0630048B071 /* Provision+CoreDataProperties.swift in Sources */,
				F43678E4234E582500ABF982 /* Poolish+CoreDataProperties.swift in Sources */,
				F4C5C0EF22EBBF0700B3CBA4 /* ChefbookDataModel.xcdatamodeld in Sources */,
				F4C5C09D22EB536500B3CBA4 /* AppDelegate.swift in Sources */,
				F4C5C0CF22EB80E300B3CBA4 /* Recipe.swift in Sources */,
				F46418182368A0630048B071 /* Recipe+CoreDataProperties.swift in Sources */,
				F45D728222F4E35500B8BC58 /* RecipeYieldTableViewCell.swift in Sources */,
				F4C5C0C322EB7D7200B3CBA4 /* ChefbookCentral.swift in Sources */,
				F4C5C0BC22EB5B3F00B3CBA4 /* Logger.swift in Sources */,
				F46C9CA023203818009D27C7 /* BreadIngredient.swift in Sources */,
				F481C521234BA1D80003D9E3 /* FormulaPreFermentTableViewCell.swift in Sources */,
				F481C534234BFAA70003D9E3 /* Poolish.swift in Sources */,
				F4AD56C522F20B4000EFC842 /* RecipeNameTableViewCell.swift in Sources */,
				F46418202368AE180048B071 /* ProvisioningViewController.swift in Sources */,
				F4C5C0EE22EBB7DB00B3CBA4 /* UIViewControllerExtensions.swift in Sources */,
				F482010723075769005C90E4 /* TabBarViewController.swift in Sources */,
				F4AD56CC22F24C0400EFC842 /* IngredientsEditorViewController.swift in Sources */,
				F464181E2368ABC40048B071 /* ProvisionElement+CoreDataProperties.swift in Sources */,
				F4010633230B0AEF00DA636A /* SplashScreenViewController.swift in Sources */,
				F41FE7CB2369FE56000025EE /* ProvisioningSummaryViewController.swift in Sources */,
				F458573322ECE2BB00506C8E /* ImageViewController.swift in Sources */,
				F4170429231F0FDB00DFFC45 /* FormulaYieldTableViewCell.swift in Sources */,
				F479C29B23075FF700998B4B /* SettingsTableViewController.swift in Sources */,
				F4AD56CE22F25AE400EFC842 /* StepsEditorViewController.swift in Sources */,
				F4C5C0F122EBC5ED00B3CBA4 /* RecipeEditorViewController.swift in Sources */,
				F4AD56C822F23EA600EFC842 /* RecipeIngredientsTableViewCell.swift in Sources */,
				F417042B231F189F00DFFC45 /* FormulaIngredientTableViewCell.swift in Sources */,
				F4D15FA62354E56700D0668E /* PoolishTableViewCell.swift in Sources */,
			);
			runOnlyForDeploymentPostprocessing = 0;
		};
/* End PBXSourcesBuildPhase section */

/* Begin PBXVariantGroup section */
		F4C5C0A022EB536500B3CBA4 /* Main_iPhone.storyboard */ = {
			isa = PBXVariantGroup;
			children = (
				F4C5C0A122EB536500B3CBA4 /* Base */,
				F4C5C0DB22EB975800B3CBA4 /* en */,
				F4C5C0E122EB97BA00B3CBA4 /* es */,
				F4C5C0E422EB97CE00B3CBA4 /* fr */,
			);
			name = Main_iPhone.storyboard;
			sourceTree = "<group>";
		};
		F4C5C0A822EB536600B3CBA4 /* LaunchScreen.storyboard */ = {
			isa = PBXVariantGroup;
			children = (
				F4C5C0A922EB536600B3CBA4 /* Base */,
				F4C5C0E022EB97BA00B3CBA4 /* es */,
				F4C5C0E322EB97CE00B3CBA4 /* fr */,
			);
			name = LaunchScreen.storyboard;
			sourceTree = "<group>";
		};
		F4C5C0DE22EB978100B3CBA4 /* Main_iPad.storyboard */ = {
			isa = PBXVariantGroup;
			children = (
				F4C5C0DD22EB978100B3CBA4 /* en */,
				F4C5C0DF22EB978900B3CBA4 /* Base */,
				F4C5C0E222EB97BA00B3CBA4 /* es */,
				F4C5C0E522EB97CE00B3CBA4 /* fr */,
			);
			name = Main_iPad.storyboard;
			sourceTree = "<group>";
		};
		F4C5C0E622EB992600B3CBA4 /* Localizable.strings */ = {
			isa = PBXVariantGroup;
			children = (
				F4C5C0E722EB992600B3CBA4 /* en */,
				F4C5C0E922EB994A00B3CBA4 /* es */,
				F4C5C0EA22EB997600B3CBA4 /* fr */,
			);
			name = Localizable.strings;
			sourceTree = "<group>";
		};
/* End PBXVariantGroup section */

/* Begin XCBuildConfiguration section */
		F4C5C0AC22EB536600B3CBA4 /* Debug */ = {
			isa = XCBuildConfiguration;
			buildSettings = {
				ALWAYS_SEARCH_USER_PATHS = NO;
				CLANG_ANALYZER_LOCALIZABILITY_NONLOCALIZED = YES;
				CLANG_ANALYZER_NONNULL = YES;
				CLANG_ANALYZER_NUMBER_OBJECT_CONVERSION = YES_AGGRESSIVE;
				CLANG_CXX_LANGUAGE_STANDARD = "gnu++14";
				CLANG_CXX_LIBRARY = "libc++";
				CLANG_ENABLE_MODULES = YES;
				CLANG_ENABLE_OBJC_ARC = YES;
				CLANG_ENABLE_OBJC_WEAK = YES;
				CLANG_WARN_BLOCK_CAPTURE_AUTORELEASING = YES;
				CLANG_WARN_BOOL_CONVERSION = YES;
				CLANG_WARN_COMMA = YES;
				CLANG_WARN_CONSTANT_CONVERSION = YES;
				CLANG_WARN_DEPRECATED_OBJC_IMPLEMENTATIONS = YES;
				CLANG_WARN_DIRECT_OBJC_ISA_USAGE = YES_ERROR;
				CLANG_WARN_DOCUMENTATION_COMMENTS = YES;
				CLANG_WARN_EMPTY_BODY = YES;
				CLANG_WARN_ENUM_CONVERSION = YES;
				CLANG_WARN_INFINITE_RECURSION = YES;
				CLANG_WARN_INT_CONVERSION = YES;
				CLANG_WARN_NON_LITERAL_NULL_CONVERSION = YES;
				CLANG_WARN_OBJC_IMPLICIT_RETAIN_SELF = YES;
				CLANG_WARN_OBJC_LITERAL_CONVERSION = YES;
				CLANG_WARN_OBJC_ROOT_CLASS = YES_ERROR;
				CLANG_WARN_RANGE_LOOP_ANALYSIS = YES;
				CLANG_WARN_STRICT_PROTOTYPES = YES;
				CLANG_WARN_SUSPICIOUS_MOVE = YES;
				CLANG_WARN_UNGUARDED_AVAILABILITY = YES_AGGRESSIVE;
				CLANG_WARN_UNREACHABLE_CODE = YES;
				CLANG_WARN__DUPLICATE_METHOD_MATCH = YES;
				CODE_SIGN_IDENTITY = "iPhone Developer";
				COPY_PHASE_STRIP = NO;
				DEBUG_INFORMATION_FORMAT = dwarf;
				ENABLE_STRICT_OBJC_MSGSEND = YES;
				ENABLE_TESTABILITY = YES;
				GCC_C_LANGUAGE_STANDARD = gnu11;
				GCC_DYNAMIC_NO_PIC = NO;
				GCC_NO_COMMON_BLOCKS = YES;
				GCC_OPTIMIZATION_LEVEL = 0;
				GCC_PREPROCESSOR_DEFINITIONS = (
					"DEBUG=1",
					"$(inherited)",
				);
				GCC_WARN_64_TO_32_BIT_CONVERSION = YES;
				GCC_WARN_ABOUT_RETURN_TYPE = YES_ERROR;
				GCC_WARN_UNDECLARED_SELECTOR = YES;
				GCC_WARN_UNINITIALIZED_AUTOS = YES_AGGRESSIVE;
				GCC_WARN_UNUSED_FUNCTION = YES;
				GCC_WARN_UNUSED_VARIABLE = YES;
				IPHONEOS_DEPLOYMENT_TARGET = 11.0;
				MTL_ENABLE_DEBUG_INFO = INCLUDE_SOURCE;
				MTL_FAST_MATH = YES;
				ONLY_ACTIVE_ARCH = YES;
				SDKROOT = iphoneos;
				SWIFT_ACTIVE_COMPILATION_CONDITIONS = DEBUG;
				SWIFT_OPTIMIZATION_LEVEL = "-Onone";
			};
			name = Debug;
		};
		F4C5C0AD22EB536600B3CBA4 /* Release */ = {
			isa = XCBuildConfiguration;
			buildSettings = {
				ALWAYS_SEARCH_USER_PATHS = NO;
				CLANG_ANALYZER_LOCALIZABILITY_NONLOCALIZED = YES;
				CLANG_ANALYZER_NONNULL = YES;
				CLANG_ANALYZER_NUMBER_OBJECT_CONVERSION = YES_AGGRESSIVE;
				CLANG_CXX_LANGUAGE_STANDARD = "gnu++14";
				CLANG_CXX_LIBRARY = "libc++";
				CLANG_ENABLE_MODULES = YES;
				CLANG_ENABLE_OBJC_ARC = YES;
				CLANG_ENABLE_OBJC_WEAK = YES;
				CLANG_WARN_BLOCK_CAPTURE_AUTORELEASING = YES;
				CLANG_WARN_BOOL_CONVERSION = YES;
				CLANG_WARN_COMMA = YES;
				CLANG_WARN_CONSTANT_CONVERSION = YES;
				CLANG_WARN_DEPRECATED_OBJC_IMPLEMENTATIONS = YES;
				CLANG_WARN_DIRECT_OBJC_ISA_USAGE = YES_ERROR;
				CLANG_WARN_DOCUMENTATION_COMMENTS = YES;
				CLANG_WARN_EMPTY_BODY = YES;
				CLANG_WARN_ENUM_CONVERSION = YES;
				CLANG_WARN_INFINITE_RECURSION = YES;
				CLANG_WARN_INT_CONVERSION = YES;
				CLANG_WARN_NON_LITERAL_NULL_CONVERSION = YES;
				CLANG_WARN_OBJC_IMPLICIT_RETAIN_SELF = YES;
				CLANG_WARN_OBJC_LITERAL_CONVERSION = YES;
				CLANG_WARN_OBJC_ROOT_CLASS = YES_ERROR;
				CLANG_WARN_RANGE_LOOP_ANALYSIS = YES;
				CLANG_WARN_STRICT_PROTOTYPES = YES;
				CLANG_WARN_SUSPICIOUS_MOVE = YES;
				CLANG_WARN_UNGUARDED_AVAILABILITY = YES_AGGRESSIVE;
				CLANG_WARN_UNREACHABLE_CODE = YES;
				CLANG_WARN__DUPLICATE_METHOD_MATCH = YES;
				CODE_SIGN_IDENTITY = "iPhone Developer";
				COPY_PHASE_STRIP = NO;
				DEBUG_INFORMATION_FORMAT = "dwarf-with-dsym";
				ENABLE_NS_ASSERTIONS = NO;
				ENABLE_STRICT_OBJC_MSGSEND = YES;
				GCC_C_LANGUAGE_STANDARD = gnu11;
				GCC_NO_COMMON_BLOCKS = YES;
				GCC_WARN_64_TO_32_BIT_CONVERSION = YES;
				GCC_WARN_ABOUT_RETURN_TYPE = YES_ERROR;
				GCC_WARN_UNDECLARED_SELECTOR = YES;
				GCC_WARN_UNINITIALIZED_AUTOS = YES_AGGRESSIVE;
				GCC_WARN_UNUSED_FUNCTION = YES;
				GCC_WARN_UNUSED_VARIABLE = YES;
				IPHONEOS_DEPLOYMENT_TARGET = 11.0;
				MTL_ENABLE_DEBUG_INFO = NO;
				MTL_FAST_MATH = YES;
				SDKROOT = iphoneos;
				SWIFT_COMPILATION_MODE = wholemodule;
				SWIFT_OPTIMIZATION_LEVEL = "-O";
				VALIDATE_PRODUCT = YES;
			};
			name = Release;
		};
		F4C5C0AF22EB536600B3CBA4 /* Debug */ = {
			isa = XCBuildConfiguration;
			buildSettings = {
				ASSETCATALOG_COMPILER_APPICON_NAME = AppIcon;
				CODE_SIGN_STYLE = Automatic;
				DEVELOPMENT_TEAM = YEJQTHXY7Y;
				ENABLE_BITCODE = NO;
				FRAMEWORK_SEARCH_PATHS = "../ZKits/ZKits-Debug";
				GCC_PRECOMPILE_PREFIX_HEADER = YES;
				GCC_PREFIX_HEADER = "Chefbook/Chefbook-Prefix.pch";
				INFOPLIST_FILE = Chefbook/Info.plist;
				IPHONEOS_DEPLOYMENT_TARGET = 11.0;
				LD_RUNPATH_SEARCH_PATHS = (
					"$(inherited)",
					"@executable_path/Frameworks",
				);
				ONLY_ACTIVE_ARCH = YES;
				PRODUCT_BUNDLE_IDENTIFIER = "com.Omni-Soft.Chefbook";
				PRODUCT_NAME = "$(TARGET_NAME)";
				SWIFT_OBJC_BRIDGING_HEADER = "Chefbook/Chefbook-Bridging-Header.h";
				SWIFT_VERSION = 4.2;
				TARGETED_DEVICE_FAMILY = "1,2";
				VALID_ARCHS = "arm64 arm64e armv7 armv7s i386 x86_64";
			};
			name = Debug;
		};
		F4C5C0B022EB536600B3CBA4 /* Release */ = {
			isa = XCBuildConfiguration;
			buildSettings = {
				ASSETCATALOG_COMPILER_APPICON_NAME = AppIcon;
				CODE_SIGN_STYLE = Automatic;
				DEVELOPMENT_TEAM = YEJQTHXY7Y;
				ENABLE_BITCODE = NO;
				FRAMEWORK_SEARCH_PATHS = "../ZKits/ZKits-Debug";
				GCC_PRECOMPILE_PREFIX_HEADER = YES;
				GCC_PREFIX_HEADER = "Chefbook/Chefbook-Prefix.pch";
				INFOPLIST_FILE = Chefbook/Info.plist;
				IPHONEOS_DEPLOYMENT_TARGET = 11.0;
				LD_RUNPATH_SEARCH_PATHS = (
					"$(inherited)",
					"@executable_path/Frameworks",
				);
				PRODUCT_BUNDLE_IDENTIFIER = "com.Omni-Soft.Chefbook";
				PRODUCT_NAME = "$(TARGET_NAME)";
				SWIFT_OBJC_BRIDGING_HEADER = "Chefbook/Chefbook-Bridging-Header.h";
				SWIFT_VERSION = 4.2;
				TARGETED_DEVICE_FAMILY = "1,2";
				VALID_ARCHS = "arm64 arm64e armv7 armv7s i386 x86_64";
			};
			name = Release;
		};
/* End XCBuildConfiguration section */

/* Begin XCConfigurationList section */
		F4C5C09422EB536500B3CBA4 /* Build configuration list for PBXProject "Chefbook" */ = {
			isa = XCConfigurationList;
			buildConfigurations = (
				F4C5C0AC22EB536600B3CBA4 /* Debug */,
				F4C5C0AD22EB536600B3CBA4 /* Release */,
			);
			defaultConfigurationIsVisible = 0;
			defaultConfigurationName = Release;
		};
		F4C5C0AE22EB536600B3CBA4 /* Build configuration list for PBXNativeTarget "Chefbook" */ = {
			isa = XCConfigurationList;
			buildConfigurations = (
				F4C5C0AF22EB536600B3CBA4 /* Debug */,
				F4C5C0B022EB536600B3CBA4 /* Release */,
			);
			defaultConfigurationIsVisible = 0;
			defaultConfigurationName = Release;
		};
/* End XCConfigurationList section */

/* Begin XCVersionGroup section */
		F4C5C0C622EB7DB800B3CBA4 /* ChefbookDataModel.xcdatamodeld */ = {
			isa = XCVersionGroup;
			children = (
				F4C5C0C722EB7DB800B3CBA4 /* Chefbook.xcdatamodel */,
			);
			currentVersion = F4C5C0C722EB7DB800B3CBA4 /* Chefbook.xcdatamodel */;
			path = ChefbookDataModel.xcdatamodeld;
			sourceTree = "<group>";
			versionGroupType = wrapper.xcdatamodel;
		};
/* End XCVersionGroup section */
	};
	rootObject = F4C5C09122EB536500B3CBA4 /* Project object */;
}
